
Microsoft Visual Studio Solution File, Format Version 12.00
# Visual Studio Version 17
VisualStudioVersion = 17.0.32014.148
MinimumVisualStudioVersion = 10.0.40219.1
Project("{9A19103F-16F7-4668-BE54-9A1E7A4F7556}") = "TraverseTreeOfFolders", "TravarseTreeOfFolders\TraverseTreeOfFolders.csproj", "{3D1EACFF-4F53-4793-B972-88E8B07B713D}"
EndProject
Global
	GlobalSection(SolutionConfigurationPlatforms) = preSolution
		Debug|Any CPU = Debug|Any CPU
		Release|Any CPU = Release|Any CPU
	EndGlobalSection
	GlobalSection(ProjectConfigurationPlatforms) = postSolution
		{3D1EACFF-4F53-4793-B972-88E8B07B713D}.Debug|Any CPU.ActiveCfg = Debug|Any CPU
		{3D1EACFF-4F53-4793-B972-88E8B07B713D}.Debug|Any CPU.Build.0 = Debug|Any CPU
		{3D1EACFF-4F53-4793-B972-88E8B07B713D}.Release|Any CPU.ActiveCfg = Release|Any CPU
		{3D1EACFF-4F53-4793-B972-88E8B07B713D}.Release|Any CPU.Build.0 = Release|Any CPU
	EndGlobalSection
	GlobalSection(SolutionProperties) = preSolution
		HideSolutionNode = FALSE
	EndGlobalSection
	GlobalSection(ExtensibilityGlobals) = postSolution
		SolutionGuid = {51105647-60AC-4D04-B50A-5E7D88D17834}
	EndGlobalSection
EndGlobal
