
Microsoft Visual Studio Solution File, Format Version 12.00
# Visual Studio Version 17
VisualStudioVersion = 17.2.32526.322
MinimumVisualStudioVersion = 10.0.40219.1
Project("{FAE04EC0-301F-11D3-BF4B-00C04F79EFBC}") = "Module16_MVCPrinciples", "Module16_MVCPrinciples\Module16_MVCPrinciples.csproj", "{376FDF8F-BF41-43AE-AB61-87A00A023B14}"
EndProject
Global
	GlobalSection(SolutionConfigurationPlatforms) = preSolution
		Debug|Any CPU = Debug|Any CPU
		Release|Any CPU = Release|Any CPU
	EndGlobalSection
	GlobalSection(ProjectConfigurationPlatforms) = postSolution
		{376FDF8F-BF41-43AE-AB61-87A00A023B14}.Debug|Any CPU.ActiveCfg = Debug|Any CPU
		{376FDF8F-BF41-43AE-AB61-87A00A023B14}.Debug|Any CPU.Build.0 = Debug|Any CPU
		{376FDF8F-BF41-43AE-AB61-87A00A023B14}.Release|Any CPU.ActiveCfg = Release|Any CPU
		{376FDF8F-BF41-43AE-AB61-87A00A023B14}.Release|Any CPU.Build.0 = Release|Any CPU
	EndGlobalSection
	GlobalSection(SolutionProperties) = preSolution
		HideSolutionNode = FALSE
	EndGlobalSection
	GlobalSection(ExtensibilityGlobals) = postSolution
		SolutionGuid = {2EE50509-7328-41CB-A095-E3B14C03834D}
	EndGlobalSection
EndGlobal
