
Microsoft Visual Studio Solution File, Format Version 12.00
# Visual Studio Version 17
VisualStudioVersion = 17.0.32014.148
MinimumVisualStudioVersion = 10.0.40219.1
Project("{FAE04EC0-301F-11D3-BF4B-00C04F79EFBC}") = "Task1", "Task1\Task1.csproj", "{60B1E103-B5D2-4983-905F-5FB88036D0E7}"
EndProject
Project("{FAE04EC0-301F-11D3-BF4B-00C04F79EFBC}") = "Provider", "Provider\Provider.csproj", "{E7840EFA-6AEE-4C60-B391-133DFF669CAE}"
EndProject
Global
	GlobalSection(SolutionConfigurationPlatforms) = preSolution
		Debug|Any CPU = Debug|Any CPU
		Release|Any CPU = Release|Any CPU
	EndGlobalSection
	GlobalSection(ProjectConfigurationPlatforms) = postSolution
		{60B1E103-B5D2-4983-905F-5FB88036D0E7}.Debug|Any CPU.ActiveCfg = Debug|Any CPU
		{60B1E103-B5D2-4983-905F-5FB88036D0E7}.Debug|Any CPU.Build.0 = Debug|Any CPU
		{60B1E103-B5D2-4983-905F-5FB88036D0E7}.Release|Any CPU.ActiveCfg = Release|Any CPU
		{60B1E103-B5D2-4983-905F-5FB88036D0E7}.Release|Any CPU.Build.0 = Release|Any CPU
		{E7840EFA-6AEE-4C60-B391-133DFF669CAE}.Debug|Any CPU.ActiveCfg = Debug|Any CPU
		{E7840EFA-6AEE-4C60-B391-133DFF669CAE}.Debug|Any CPU.Build.0 = Debug|Any CPU
		{E7840EFA-6AEE-4C60-B391-133DFF669CAE}.Release|Any CPU.ActiveCfg = Release|Any CPU
		{E7840EFA-6AEE-4C60-B391-133DFF669CAE}.Release|Any CPU.Build.0 = Release|Any CPU
	EndGlobalSection
	GlobalSection(SolutionProperties) = preSolution
		HideSolutionNode = FALSE
	EndGlobalSection
	GlobalSection(ExtensibilityGlobals) = postSolution
		SolutionGuid = {79CD1422-5C17-4D12-ABE1-6F977778E7F8}
	EndGlobalSection
EndGlobal
